hash: c61b0f5ee3493830cc59ce7ad0040565e76b269571148703c11e9d0a09bc586d
updated: 2017-07-07T11:39:19.350383028+08:00
imports:
- name: github.com/labstack/echo
  version: e0ea129c5ce03a91613a4a04c992a1f32038143b
- name: github.com/labstack/gommon
  version: 1121fd3e243c202482226a7afe4dcd07ffc4139a
  subpackages:
  - color
  - log
- name: github.com/mattn/go-colorable
  version: 941b50ebc6efddf4c41c8e4537a5f68a4e686b24
- name: github.com/mattn/go-isatty
  version: fc9e8d8ef48496124e79ae0df75490096eccf6fe
- name: github.com/prasmussen/glot-code-runner
  version: 24bd5f05248b23a5526092b6f89a99f3fc132242
- name: github.com/valyala/fasttemplate
  version: dcecefd839c4193db0d35b88ec65b4c12d360ab0
- name: golang.org/x/crypto
  version: a48ac81e47fd6f9ed1258f3b60ae9e75f93cb7ed
  subpackages:
  - acme/autocert
testImports: []
